
Microsoft Visual Studio Solution File, Format Version 12.00
# Visual Studio Version 17
VisualStudioVersion = 17.2.32616.157
MinimumVisualStudioVersion = 10.0.40219.1
Project("{FAE04EC0-301F-11D3-BF4B-00C04F79EFBC}") = "Practice", "Practice\Practice.csproj", "{BFD975A4-28C4-47F2-8F16-DE60DBDD24C6}"
EndProject
Global
	GlobalSection(SolutionConfigurationPlatforms) = preSolution
		Debug|Any CPU = Debug|Any CPU
		Release|Any CPU = Release|Any CPU
	EndGlobalSection
	GlobalSection(ProjectConfigurationPlatforms) = postSolution
		{BFD975A4-28C4-47F2-8F16-DE60DBDD24C6}.Debug|Any CPU.ActiveCfg = Debug|Any CPU
		{BFD975A4-28C4-47F2-8F16-DE60DBDD24C6}.Debug|Any CPU.Build.0 = Debug|Any CPU
		{BFD975A4-28C4-47F2-8F16-DE60DBDD24C6}.Release|Any CPU.ActiveCfg = Release|Any CPU
		{BFD975A4-28C4-47F2-8F16-DE60DBDD24C6}.Release|Any CPU.Build.0 = Release|Any CPU
	EndGlobalSection
	GlobalSection(SolutionProperties) = preSolution
		HideSolutionNode = FALSE
	EndGlobalSection
	GlobalSection(ExtensibilityGlobals) = postSolution
		SolutionGuid = {F9018AB1-02BE-4E9A-949C-14871C5EF32F}
	EndGlobalSection
EndGlobal
